Microsoft Visual Studio Solution File, Format Version 12.00
# Visual Studio Version 17
VisualStudioVersion = 17.5.2.0
MinimumVisualStudioVersion = 10.0.40219.1
Project("{FAE04EC0-301F-11D3-BF4B-00C04F79EFBC}") = "HyperTracker", "HyperTracker\HyperTracker.csproj", "{81CC3F14-C718-EC3B-851B-64D6FAF9E5BB}"
EndProject
Project("{FAE04EC0-301F-11D3-BF4B-00C04F79EFBC}") = "TestCore", "TestCore\TestCore.csproj", "{DDD89D31-DEAB-4838-A0AB-9242A5274E67}"
EndProject
Global
	GlobalSection(SolutionConfigurationPlatforms) = preSolution
		Debug|Any CPU = Debug|Any CPU
		Release|Any CPU = Release|Any CPU
	EndGlobalSection
	GlobalSection(ProjectConfigurationPlatforms) = postSolution
		{81CC3F14-C718-EC3B-851B-64D6FAF9E5BB}.Debug|Any CPU.ActiveCfg = Debug|Any CPU
		{81CC3F14-C718-EC3B-851B-64D6FAF9E5BB}.Debug|Any CPU.Build.0 = Debug|Any CPU
		{81CC3F14-C718-EC3B-851B-64D6FAF9E5BB}.Release|Any CPU.ActiveCfg = Release|Any CPU
		{81CC3F14-C718-EC3B-851B-64D6FAF9E5BB}.Release|Any CPU.Build.0 = Release|Any CPU
		{DDD89D31-DEAB-4838-A0AB-9242A5274E67}.Debug|Any CPU.ActiveCfg = Debug|Any CPU
		{DDD89D31-DEAB-4838-A0AB-9242A5274E67}.Debug|Any CPU.Build.0 = Debug|Any CPU
		{DDD89D31-DEAB-4838-A0AB-9242A5274E67}.Release|Any CPU.ActiveCfg = Release|Any CPU
		{DDD89D31-DEAB-4838-A0AB-9242A5274E67}.Release|Any CPU.Build.0 = Release|Any CPU
	EndGlobalSection
	GlobalSection(SolutionProperties) = preSolution
		HideSolutionNode = FALSE
	EndGlobalSection
	GlobalSection(ExtensibilityGlobals) = postSolution
		SolutionGuid = {4ED63981-CC09-4855-A841-E9C7CB8E14BE}
	EndGlobalSection
EndGlobal
